
Microsoft Visual Studio Solution File, Format Version 12.00
# Visual Studio Version 16
VisualStudioVersion = 16.0.32002.261
MinimumVisualStudioVersion = 10.0.40219.1
Project("{FAE04EC0-301F-11D3-BF4B-00C04F79EFBC}") = "GitQuirky", "GitQuirky.csproj", "{2AA1C036-4B90-4ADF-9E72-7629F06FE2E7}"
EndProject
Global
	GlobalSection(SolutionConfigurationPlatforms) = preSolution
		Debug|Any CPU = Debug|Any CPU
		Release|Any CPU = Release|Any CPU
	EndGlobalSection
	GlobalSection(ProjectConfigurationPlatforms) = postSolution
		{2AA1C036-4B90-4ADF-9E72-7629F06FE2E7}.Debug|Any CPU.ActiveCfg = Debug|Any CPU
		{2AA1C036-4B90-4ADF-9E72-7629F06FE2E7}.Debug|Any CPU.Build.0 = Debug|Any CPU
		{2AA1C036-4B90-4ADF-9E72-7629F06FE2E7}.Release|Any CPU.ActiveCfg = Release|Any CPU
		{2AA1C036-4B90-4ADF-9E72-7629F06FE2E7}.Release|Any CPU.Build.0 = Release|Any CPU
	EndGlobalSection
	GlobalSection(SolutionProperties) = preSolution
		HideSolutionNode = FALSE
	EndGlobalSection
	GlobalSection(ExtensibilityGlobals) = postSolution
		SolutionGuid = {3FCE8314-6569-46E6-87A3-80E07788E6BE}
	EndGlobalSection
EndGlobal
